<?xml version="1.0" encoding="UTF-8" standalone="yes" ?>
<CodeBlocks_project_file>
   <FileVersion major="1" minor="6" />
   <Project>
      <Option title="roi" />
      <Option makefile_is_custom="1" />
      <Option compiler="gcc" />
      <Option virtualFolders="CMake Files\;CMake Files\first_video\;CMake Files\first_window\;CMake Files\image_smooth\;CMake Files\opt_mat\;CMake Files\roi\;CMake Files\sift\;CMake Files\write_video\;" />
      <Build>
      <Target title="all">
         <Option working_dir="/home/svrvr/PureOpencv/src/roi" />
         <Option type="4" />
         <MakeCommands>
            <Build command="/usr/bin/make -f &quot;/home/svrvr/PureOpencv/src/roi/Makefile&quot;  VERBOSE=1 all" />
            <CompileFile command="/usr/bin/make -f &quot;/home/svrvr/PureOpencv/src/roi/Makefile&quot;  VERBOSE=1 &quot;$file&quot;" />
            <Clean command="/usr/bin/make -f &quot;/home/svrvr/PureOpencv/src/roi/Makefile&quot;  VERBOSE=1 clean" />
            <DistClean command="/usr/bin/make -f &quot;/home/svrvr/PureOpencv/src/roi/Makefile&quot;  VERBOSE=1 clean" />
         </MakeCommands>
      </Target>
      <Target title="roi">
         <Option output="/home/svrvr/PureOpencv/src/roi/roi" prefix_auto="0" extension_auto="0" />
         <Option working_dir="/home/svrvr/PureOpencv/src/roi" />
         <Option object_output="./" />
         <Option type="1" />
         <Option compiler="gcc" />
         <Compiler>
            <Add directory="/usr/include" />
            <Add directory="/usr/include/c++/4.8" />
            <Add directory="/usr/include/c++/4.8/backward" />
            <Add directory="/usr/include/x86_64-linux-gnu" />
            <Add directory="/usr/include/x86_64-linux-gnu/c++/4.8" />
            <Add directory="/usr/lib/gcc/x86_64-linux-gnu/4.8/include" />
            <Add directory="/usr/lib/gcc/x86_64-linux-gnu/4.8/include-fixed" />
            <Add directory="/usr/local/include" />
         </Compiler>
         <MakeCommands>
            <Build command="/usr/bin/make -f &quot;/home/svrvr/PureOpencv/src/roi/Makefile&quot;  VERBOSE=1 roi" />
            <CompileFile command="/usr/bin/make -f &quot;/home/svrvr/PureOpencv/src/roi/Makefile&quot;  VERBOSE=1 &quot;$file&quot;" />
            <Clean command="/usr/bin/make -f &quot;/home/svrvr/PureOpencv/src/roi/Makefile&quot;  VERBOSE=1 clean" />
            <DistClean command="/usr/bin/make -f &quot;/home/svrvr/PureOpencv/src/roi/Makefile&quot;  VERBOSE=1 clean" />
         </MakeCommands>
      </Target>
      <Target title="roi/fast">
         <Option output="/home/svrvr/PureOpencv/src/roi/roi" prefix_auto="0" extension_auto="0" />
         <Option working_dir="/home/svrvr/PureOpencv/src/roi" />
         <Option object_output="./" />
         <Option type="1" />
         <Option compiler="gcc" />
         <Compiler>
            <Add directory="/usr/include" />
            <Add directory="/usr/include/c++/4.8" />
            <Add directory="/usr/include/c++/4.8/backward" />
            <Add directory="/usr/include/x86_64-linux-gnu" />
            <Add directory="/usr/include/x86_64-linux-gnu/c++/4.8" />
            <Add directory="/usr/lib/gcc/x86_64-linux-gnu/4.8/include" />
            <Add directory="/usr/lib/gcc/x86_64-linux-gnu/4.8/include-fixed" />
            <Add directory="/usr/local/include" />
         </Compiler>
         <MakeCommands>
            <Build command="/usr/bin/make -f &quot;/home/svrvr/PureOpencv/src/roi/Makefile&quot;  VERBOSE=1 roi/fast" />
            <CompileFile command="/usr/bin/make -f &quot;/home/svrvr/PureOpencv/src/roi/Makefile&quot;  VERBOSE=1 &quot;$file&quot;" />
            <Clean command="/usr/bin/make -f &quot;/home/svrvr/PureOpencv/src/roi/Makefile&quot;  VERBOSE=1 clean" />
            <DistClean command="/usr/bin/make -f &quot;/home/svrvr/PureOpencv/src/roi/Makefile&quot;  VERBOSE=1 clean" />
         </MakeCommands>
      </Target>
      </Build>
      <Unit filename="/home/svrvr/PureOpencv/src/roi/roi.cpp">
         <Option target="roi"/>
      </Unit>
      <Unit filename="/home/svrvr/PureOpencv/src/CMakeLists.txt">
          <Option virtualFolder="CMake Files\" />
      </Unit>
      <Unit filename="/home/svrvr/PureOpencv/src/first_video/CMakeLists.txt">
          <Option virtualFolder="CMake Files\first_video\" />
      </Unit>
      <Unit filename="/home/svrvr/PureOpencv/src/first_video/CMakeLists.txt">
          <Option virtualFolder="CMake Files\first_video\" />
      </Unit>
      <Unit filename="/home/svrvr/PureOpencv/src/first_window/CMakeLists.txt">
          <Option virtualFolder="CMake Files\first_window\" />
      </Unit>
      <Unit filename="/home/svrvr/PureOpencv/src/first_window/CMakeLists.txt">
          <Option virtualFolder="CMake Files\first_window\" />
      </Unit>
      <Unit filename="/home/svrvr/PureOpencv/src/image_smooth/CMakeLists.txt">
          <Option virtualFolder="CMake Files\image_smooth\" />
      </Unit>
      <Unit filename="/home/svrvr/PureOpencv/src/image_smooth/CMakeLists.txt">
          <Option virtualFolder="CMake Files\image_smooth\" />
      </Unit>
      <Unit filename="/home/svrvr/PureOpencv/src/opt_mat/CMakeLists.txt">
          <Option virtualFolder="CMake Files\opt_mat\" />
      </Unit>
      <Unit filename="/home/svrvr/PureOpencv/src/opt_mat/CMakeLists.txt">
          <Option virtualFolder="CMake Files\opt_mat\" />
      </Unit>
      <Unit filename="/home/svrvr/PureOpencv/src/roi/CMakeLists.txt">
          <Option virtualFolder="CMake Files\roi\" />
      </Unit>
      <Unit filename="/home/svrvr/PureOpencv/src/roi/CMakeLists.txt">
          <Option virtualFolder="CMake Files\roi\" />
      </Unit>
      <Unit filename="/home/svrvr/PureOpencv/src/sift/CMakeLists.txt">
          <Option virtualFolder="CMake Files\sift\" />
      </Unit>
      <Unit filename="/home/svrvr/PureOpencv/src/sift/CMakeLists.txt">
          <Option virtualFolder="CMake Files\sift\" />
      </Unit>
      <Unit filename="/home/svrvr/PureOpencv/src/write_video/CMakeLists.txt">
          <Option virtualFolder="CMake Files\write_video\" />
      </Unit>
      <Unit filename="/home/svrvr/PureOpencv/src/write_video/CMakeLists.txt">
          <Option virtualFolder="CMake Files\write_video\" />
      </Unit>
   </Project>
</CodeBlocks_project_file>
