<?xml version="1.0" encoding="UTF-8" standalone="yes" ?>
<CodeBlocks_project_file>
   <FileVersion major="1" minor="6" />
   <Project>
      <Option title="src" />
      <Option makefile_is_custom="1" />
      <Option compiler="gcc" />
      <Option virtualFolders="CMake Files\;CMake Files\cut_img\;CMake Files\first_video\;CMake Files\first_window\;CMake Files\flann_feature\;CMake Files\image_smooth\;CMake Files\opt_mat\;CMake Files\pano_img_viewer\;CMake Files\plyfile\;CMake Files\roi\;CMake Files\sift\;CMake Files\write_video\;CMake Files\uv_pano_img\;" />
      <Build>
      <Target title="all">
         <Option working_dir="/home/svrvr/PureOpencv/src" />
         <Option type="4" />
         <MakeCommands>
            <Build command="/usr/bin/make -f &quot;/home/svrvr/PureOpencv/src/Makefile&quot;  VERBOSE=1 all" />
            <CompileFile command="/usr/bin/make -f &quot;/home/svrvr/PureOpencv/src/Makefile&quot;  VERBOSE=1 &quot;$file&quot;" />
            <Clean command="/usr/bin/make -f &quot;/home/svrvr/PureOpencv/src/Makefile&quot;  VERBOSE=1 clean" />
            <DistClean command="/usr/bin/make -f &quot;/home/svrvr/PureOpencv/src/Makefile&quot;  VERBOSE=1 clean" />
         </MakeCommands>
      </Target>
      <Target title="edit_cache">
         <Option working_dir="/home/svrvr/PureOpencv/src" />
         <Option type="4" />
         <MakeCommands>
            <Build command="/usr/bin/make -f &quot;/home/svrvr/PureOpencv/src/Makefile&quot;  VERBOSE=1 edit_cache" />
            <CompileFile command="/usr/bin/make -f &quot;/home/svrvr/PureOpencv/src/Makefile&quot;  VERBOSE=1 &quot;$file&quot;" />
            <Clean command="/usr/bin/make -f &quot;/home/svrvr/PureOpencv/src/Makefile&quot;  VERBOSE=1 clean" />
            <DistClean command="/usr/bin/make -f &quot;/home/svrvr/PureOpencv/src/Makefile&quot;  VERBOSE=1 clean" />
         </MakeCommands>
      </Target>
      <Target title="rebuild_cache">
         <Option working_dir="/home/svrvr/PureOpencv/src" />
         <Option type="4" />
         <MakeCommands>
            <Build command="/usr/bin/make -f &quot;/home/svrvr/PureOpencv/src/Makefile&quot;  VERBOSE=1 rebuild_cache" />
            <CompileFile command="/usr/bin/make -f &quot;/home/svrvr/PureOpencv/src/Makefile&quot;  VERBOSE=1 &quot;$file&quot;" />
            <Clean command="/usr/bin/make -f &quot;/home/svrvr/PureOpencv/src/Makefile&quot;  VERBOSE=1 clean" />
            <DistClean command="/usr/bin/make -f &quot;/home/svrvr/PureOpencv/src/Makefile&quot;  VERBOSE=1 clean" />
         </MakeCommands>
      </Target>
      <Target title="src">
         <Option output="/home/svrvr/PureOpencv/src/build/src" prefix_auto="0" extension_auto="0" />
         <Option working_dir="./build" />
         <Option object_output="./" />
         <Option type="1" />
         <Option compiler="gcc" />
         <Compiler>
            <Add directory="/usr/include" />
            <Add directory="/usr/include/c++/5" />
            <Add directory="/usr/include/c++/5/backward" />
            <Add directory="/usr/include/x86_64-linux-gnu" />
            <Add directory="/usr/include/x86_64-linux-gnu/c++/5" />
            <Add directory="/usr/lib/gcc/x86_64-linux-gnu/4.8/include" />
            <Add directory="/usr/lib/gcc/x86_64-linux-gnu/4.8/include-fixed" />
            <Add directory="/usr/lib/gcc/x86_64-linux-gnu/5/include" />
            <Add directory="/usr/lib/gcc/x86_64-linux-gnu/5/include-fixed" />
            <Add directory="/usr/local/include" />
         </Compiler>
         <MakeCommands>
            <Build command="/usr/bin/make -f &quot;/home/svrvr/PureOpencv/src/Makefile&quot;  VERBOSE=1 src" />
            <CompileFile command="/usr/bin/make -f &quot;/home/svrvr/PureOpencv/src/Makefile&quot;  VERBOSE=1 &quot;$file&quot;" />
            <Clean command="/usr/bin/make -f &quot;/home/svrvr/PureOpencv/src/Makefile&quot;  VERBOSE=1 clean" />
            <DistClean command="/usr/bin/make -f &quot;/home/svrvr/PureOpencv/src/Makefile&quot;  VERBOSE=1 clean" />
         </MakeCommands>
      </Target>
      <Target title="src/fast">
         <Option output="/home/svrvr/PureOpencv/src/build/src" prefix_auto="0" extension_auto="0" />
         <Option working_dir="./build" />
         <Option object_output="./" />
         <Option type="1" />
         <Option compiler="gcc" />
         <Compiler>
            <Add directory="/usr/include" />
            <Add directory="/usr/include/c++/5" />
            <Add directory="/usr/include/c++/5/backward" />
            <Add directory="/usr/include/x86_64-linux-gnu" />
            <Add directory="/usr/include/x86_64-linux-gnu/c++/5" />
            <Add directory="/usr/lib/gcc/x86_64-linux-gnu/4.8/include" />
            <Add directory="/usr/lib/gcc/x86_64-linux-gnu/4.8/include-fixed" />
            <Add directory="/usr/lib/gcc/x86_64-linux-gnu/5/include" />
            <Add directory="/usr/lib/gcc/x86_64-linux-gnu/5/include-fixed" />
            <Add directory="/usr/local/include" />
         </Compiler>
         <MakeCommands>
            <Build command="/usr/bin/make -f &quot;/home/svrvr/PureOpencv/src/Makefile&quot;  VERBOSE=1 src/fast" />
            <CompileFile command="/usr/bin/make -f &quot;/home/svrvr/PureOpencv/src/Makefile&quot;  VERBOSE=1 &quot;$file&quot;" />
            <Clean command="/usr/bin/make -f &quot;/home/svrvr/PureOpencv/src/Makefile&quot;  VERBOSE=1 clean" />
            <DistClean command="/usr/bin/make -f &quot;/home/svrvr/PureOpencv/src/Makefile&quot;  VERBOSE=1 clean" />
         </MakeCommands>
      </Target>
      <Target title="flann_feature">
         <Option output="/home/svrvr/PureOpencv/src/flann_feature/build/flann_feature" prefix_auto="0" extension_auto="0" />
         <Option working_dir="./build" />
         <Option object_output="./" />
         <Option type="1" />
         <Option compiler="gcc" />
         <Compiler>
            <Add directory="/usr/include" />
            <Add directory="/usr/include/c++/5" />
            <Add directory="/usr/include/c++/5/backward" />
            <Add directory="/usr/include/x86_64-linux-gnu" />
            <Add directory="/usr/include/x86_64-linux-gnu/c++/5" />
            <Add directory="/usr/lib/gcc/x86_64-linux-gnu/4.8/include" />
            <Add directory="/usr/lib/gcc/x86_64-linux-gnu/4.8/include-fixed" />
            <Add directory="/usr/lib/gcc/x86_64-linux-gnu/5/include" />
            <Add directory="/usr/lib/gcc/x86_64-linux-gnu/5/include-fixed" />
            <Add directory="/usr/local/include" />
         </Compiler>
         <MakeCommands>
            <Build command="/usr/bin/make -f &quot;/home/svrvr/PureOpencv/src/flann_feature/Makefile&quot;  VERBOSE=1 flann_feature" />
            <CompileFile command="/usr/bin/make -f &quot;/home/svrvr/PureOpencv/src/flann_feature/Makefile&quot;  VERBOSE=1 &quot;$file&quot;" />
            <Clean command="/usr/bin/make -f &quot;/home/svrvr/PureOpencv/src/flann_feature/Makefile&quot;  VERBOSE=1 clean" />
            <DistClean command="/usr/bin/make -f &quot;/home/svrvr/PureOpencv/src/flann_feature/Makefile&quot;  VERBOSE=1 clean" />
         </MakeCommands>
      </Target>
      <Target title="flann_feature/fast">
         <Option output="/home/svrvr/PureOpencv/src/flann_feature/build/flann_feature" prefix_auto="0" extension_auto="0" />
         <Option working_dir="./build" />
         <Option object_output="./" />
         <Option type="1" />
         <Option compiler="gcc" />
         <Compiler>
            <Add directory="/usr/include" />
            <Add directory="/usr/include/c++/5" />
            <Add directory="/usr/include/c++/5/backward" />
            <Add directory="/usr/include/x86_64-linux-gnu" />
            <Add directory="/usr/include/x86_64-linux-gnu/c++/5" />
            <Add directory="/usr/lib/gcc/x86_64-linux-gnu/4.8/include" />
            <Add directory="/usr/lib/gcc/x86_64-linux-gnu/4.8/include-fixed" />
            <Add directory="/usr/lib/gcc/x86_64-linux-gnu/5/include" />
            <Add directory="/usr/lib/gcc/x86_64-linux-gnu/5/include-fixed" />
            <Add directory="/usr/local/include" />
         </Compiler>
         <MakeCommands>
            <Build command="/usr/bin/make -f &quot;/home/svrvr/PureOpencv/src/flann_feature/Makefile&quot;  VERBOSE=1 flann_feature/fast" />
            <CompileFile command="/usr/bin/make -f &quot;/home/svrvr/PureOpencv/src/flann_feature/Makefile&quot;  VERBOSE=1 &quot;$file&quot;" />
            <Clean command="/usr/bin/make -f &quot;/home/svrvr/PureOpencv/src/flann_feature/Makefile&quot;  VERBOSE=1 clean" />
            <DistClean command="/usr/bin/make -f &quot;/home/svrvr/PureOpencv/src/flann_feature/Makefile&quot;  VERBOSE=1 clean" />
         </MakeCommands>
      </Target>
      <Target title="roi">
         <Option output="/home/svrvr/PureOpencv/src/roi/build/roi" prefix_auto="0" extension_auto="0" />
         <Option working_dir="./build" />
         <Option object_output="./" />
         <Option type="1" />
         <Option compiler="gcc" />
         <Compiler>
            <Add directory="/usr/include" />
            <Add directory="/usr/include/c++/5" />
            <Add directory="/usr/include/c++/5/backward" />
            <Add directory="/usr/include/x86_64-linux-gnu" />
            <Add directory="/usr/include/x86_64-linux-gnu/c++/5" />
            <Add directory="/usr/lib/gcc/x86_64-linux-gnu/4.8/include" />
            <Add directory="/usr/lib/gcc/x86_64-linux-gnu/4.8/include-fixed" />
            <Add directory="/usr/lib/gcc/x86_64-linux-gnu/5/include" />
            <Add directory="/usr/lib/gcc/x86_64-linux-gnu/5/include-fixed" />
            <Add directory="/usr/local/include" />
         </Compiler>
         <MakeCommands>
            <Build command="/usr/bin/make -f &quot;/home/svrvr/PureOpencv/src/roi/Makefile&quot;  VERBOSE=1 roi" />
            <CompileFile command="/usr/bin/make -f &quot;/home/svrvr/PureOpencv/src/roi/Makefile&quot;  VERBOSE=1 &quot;$file&quot;" />
            <Clean command="/usr/bin/make -f &quot;/home/svrvr/PureOpencv/src/roi/Makefile&quot;  VERBOSE=1 clean" />
            <DistClean command="/usr/bin/make -f &quot;/home/svrvr/PureOpencv/src/roi/Makefile&quot;  VERBOSE=1 clean" />
         </MakeCommands>
      </Target>
      <Target title="roi/fast">
         <Option output="/home/svrvr/PureOpencv/src/roi/build/roi" prefix_auto="0" extension_auto="0" />
         <Option working_dir="./build" />
         <Option object_output="./" />
         <Option type="1" />
         <Option compiler="gcc" />
         <Compiler>
            <Add directory="/usr/include" />
            <Add directory="/usr/include/c++/5" />
            <Add directory="/usr/include/c++/5/backward" />
            <Add directory="/usr/include/x86_64-linux-gnu" />
            <Add directory="/usr/include/x86_64-linux-gnu/c++/5" />
            <Add directory="/usr/lib/gcc/x86_64-linux-gnu/4.8/include" />
            <Add directory="/usr/lib/gcc/x86_64-linux-gnu/4.8/include-fixed" />
            <Add directory="/usr/lib/gcc/x86_64-linux-gnu/5/include" />
            <Add directory="/usr/lib/gcc/x86_64-linux-gnu/5/include-fixed" />
            <Add directory="/usr/local/include" />
         </Compiler>
         <MakeCommands>
            <Build command="/usr/bin/make -f &quot;/home/svrvr/PureOpencv/src/roi/Makefile&quot;  VERBOSE=1 roi/fast" />
            <CompileFile command="/usr/bin/make -f &quot;/home/svrvr/PureOpencv/src/roi/Makefile&quot;  VERBOSE=1 &quot;$file&quot;" />
            <Clean command="/usr/bin/make -f &quot;/home/svrvr/PureOpencv/src/roi/Makefile&quot;  VERBOSE=1 clean" />
            <DistClean command="/usr/bin/make -f &quot;/home/svrvr/PureOpencv/src/roi/Makefile&quot;  VERBOSE=1 clean" />
         </MakeCommands>
      </Target>
      <Target title="opt_mat">
         <Option output="/home/svrvr/PureOpencv/src/opt_mat/build/opt_mat" prefix_auto="0" extension_auto="0" />
         <Option working_dir="./build" />
         <Option object_output="./" />
         <Option type="1" />
         <Option compiler="gcc" />
         <Compiler>
            <Add directory="/usr/include" />
            <Add directory="/usr/include/c++/5" />
            <Add directory="/usr/include/c++/5/backward" />
            <Add directory="/usr/include/x86_64-linux-gnu" />
            <Add directory="/usr/include/x86_64-linux-gnu/c++/5" />
            <Add directory="/usr/lib/gcc/x86_64-linux-gnu/4.8/include" />
            <Add directory="/usr/lib/gcc/x86_64-linux-gnu/4.8/include-fixed" />
            <Add directory="/usr/lib/gcc/x86_64-linux-gnu/5/include" />
            <Add directory="/usr/lib/gcc/x86_64-linux-gnu/5/include-fixed" />
            <Add directory="/usr/local/include" />
         </Compiler>
         <MakeCommands>
            <Build command="/usr/bin/make -f &quot;/home/svrvr/PureOpencv/src/opt_mat/Makefile&quot;  VERBOSE=1 opt_mat" />
            <CompileFile command="/usr/bin/make -f &quot;/home/svrvr/PureOpencv/src/opt_mat/Makefile&quot;  VERBOSE=1 &quot;$file&quot;" />
            <Clean command="/usr/bin/make -f &quot;/home/svrvr/PureOpencv/src/opt_mat/Makefile&quot;  VERBOSE=1 clean" />
            <DistClean command="/usr/bin/make -f &quot;/home/svrvr/PureOpencv/src/opt_mat/Makefile&quot;  VERBOSE=1 clean" />
         </MakeCommands>
      </Target>
      <Target title="opt_mat/fast">
         <Option output="/home/svrvr/PureOpencv/src/opt_mat/build/opt_mat" prefix_auto="0" extension_auto="0" />
         <Option working_dir="./build" />
         <Option object_output="./" />
         <Option type="1" />
         <Option compiler="gcc" />
         <Compiler>
            <Add directory="/usr/include" />
            <Add directory="/usr/include/c++/5" />
            <Add directory="/usr/include/c++/5/backward" />
            <Add directory="/usr/include/x86_64-linux-gnu" />
            <Add directory="/usr/include/x86_64-linux-gnu/c++/5" />
            <Add directory="/usr/lib/gcc/x86_64-linux-gnu/4.8/include" />
            <Add directory="/usr/lib/gcc/x86_64-linux-gnu/4.8/include-fixed" />
            <Add directory="/usr/lib/gcc/x86_64-linux-gnu/5/include" />
            <Add directory="/usr/lib/gcc/x86_64-linux-gnu/5/include-fixed" />
            <Add directory="/usr/local/include" />
         </Compiler>
         <MakeCommands>
            <Build command="/usr/bin/make -f &quot;/home/svrvr/PureOpencv/src/opt_mat/Makefile&quot;  VERBOSE=1 opt_mat/fast" />
            <CompileFile command="/usr/bin/make -f &quot;/home/svrvr/PureOpencv/src/opt_mat/Makefile&quot;  VERBOSE=1 &quot;$file&quot;" />
            <Clean command="/usr/bin/make -f &quot;/home/svrvr/PureOpencv/src/opt_mat/Makefile&quot;  VERBOSE=1 clean" />
            <DistClean command="/usr/bin/make -f &quot;/home/svrvr/PureOpencv/src/opt_mat/Makefile&quot;  VERBOSE=1 clean" />
         </MakeCommands>
      </Target>
      <Target title="image_smooth">
         <Option output="/home/svrvr/PureOpencv/src/image_smooth/build/image_smooth" prefix_auto="0" extension_auto="0" />
         <Option working_dir="./build" />
         <Option object_output="./" />
         <Option type="1" />
         <Option compiler="gcc" />
         <Compiler>
            <Add directory="/usr/include" />
            <Add directory="/usr/include/c++/5" />
            <Add directory="/usr/include/c++/5/backward" />
            <Add directory="/usr/include/x86_64-linux-gnu" />
            <Add directory="/usr/include/x86_64-linux-gnu/c++/5" />
            <Add directory="/usr/lib/gcc/x86_64-linux-gnu/4.8/include" />
            <Add directory="/usr/lib/gcc/x86_64-linux-gnu/4.8/include-fixed" />
            <Add directory="/usr/lib/gcc/x86_64-linux-gnu/5/include" />
            <Add directory="/usr/lib/gcc/x86_64-linux-gnu/5/include-fixed" />
            <Add directory="/usr/local/include" />
         </Compiler>
         <MakeCommands>
            <Build command="/usr/bin/make -f &quot;/home/svrvr/PureOpencv/src/image_smooth/Makefile&quot;  VERBOSE=1 image_smooth" />
            <CompileFile command="/usr/bin/make -f &quot;/home/svrvr/PureOpencv/src/image_smooth/Makefile&quot;  VERBOSE=1 &quot;$file&quot;" />
            <Clean command="/usr/bin/make -f &quot;/home/svrvr/PureOpencv/src/image_smooth/Makefile&quot;  VERBOSE=1 clean" />
            <DistClean command="/usr/bin/make -f &quot;/home/svrvr/PureOpencv/src/image_smooth/Makefile&quot;  VERBOSE=1 clean" />
         </MakeCommands>
      </Target>
      <Target title="image_smooth/fast">
         <Option output="/home/svrvr/PureOpencv/src/image_smooth/build/image_smooth" prefix_auto="0" extension_auto="0" />
         <Option working_dir="./build" />
         <Option object_output="./" />
         <Option type="1" />
         <Option compiler="gcc" />
         <Compiler>
            <Add directory="/usr/include" />
            <Add directory="/usr/include/c++/5" />
            <Add directory="/usr/include/c++/5/backward" />
            <Add directory="/usr/include/x86_64-linux-gnu" />
            <Add directory="/usr/include/x86_64-linux-gnu/c++/5" />
            <Add directory="/usr/lib/gcc/x86_64-linux-gnu/4.8/include" />
            <Add directory="/usr/lib/gcc/x86_64-linux-gnu/4.8/include-fixed" />
            <Add directory="/usr/lib/gcc/x86_64-linux-gnu/5/include" />
            <Add directory="/usr/lib/gcc/x86_64-linux-gnu/5/include-fixed" />
            <Add directory="/usr/local/include" />
         </Compiler>
         <MakeCommands>
            <Build command="/usr/bin/make -f &quot;/home/svrvr/PureOpencv/src/image_smooth/Makefile&quot;  VERBOSE=1 image_smooth/fast" />
            <CompileFile command="/usr/bin/make -f &quot;/home/svrvr/PureOpencv/src/image_smooth/Makefile&quot;  VERBOSE=1 &quot;$file&quot;" />
            <Clean command="/usr/bin/make -f &quot;/home/svrvr/PureOpencv/src/image_smooth/Makefile&quot;  VERBOSE=1 clean" />
            <DistClean command="/usr/bin/make -f &quot;/home/svrvr/PureOpencv/src/image_smooth/Makefile&quot;  VERBOSE=1 clean" />
         </MakeCommands>
      </Target>
      <Target title="first_window">
         <Option output="/home/svrvr/PureOpencv/src/first_window/build/first_window" prefix_auto="0" extension_auto="0" />
         <Option working_dir="./build" />
         <Option object_output="./" />
         <Option type="1" />
         <Option compiler="gcc" />
         <Compiler>
            <Add directory="/usr/include" />
            <Add directory="/usr/include/c++/5" />
            <Add directory="/usr/include/c++/5/backward" />
            <Add directory="/usr/include/x86_64-linux-gnu" />
            <Add directory="/usr/include/x86_64-linux-gnu/c++/5" />
            <Add directory="/usr/lib/gcc/x86_64-linux-gnu/4.8/include" />
            <Add directory="/usr/lib/gcc/x86_64-linux-gnu/4.8/include-fixed" />
            <Add directory="/usr/lib/gcc/x86_64-linux-gnu/5/include" />
            <Add directory="/usr/lib/gcc/x86_64-linux-gnu/5/include-fixed" />
            <Add directory="/usr/local/include" />
         </Compiler>
         <MakeCommands>
            <Build command="/usr/bin/make -f &quot;/home/svrvr/PureOpencv/src/first_window/Makefile&quot;  VERBOSE=1 first_window" />
            <CompileFile command="/usr/bin/make -f &quot;/home/svrvr/PureOpencv/src/first_window/Makefile&quot;  VERBOSE=1 &quot;$file&quot;" />
            <Clean command="/usr/bin/make -f &quot;/home/svrvr/PureOpencv/src/first_window/Makefile&quot;  VERBOSE=1 clean" />
            <DistClean command="/usr/bin/make -f &quot;/home/svrvr/PureOpencv/src/first_window/Makefile&quot;  VERBOSE=1 clean" />
         </MakeCommands>
      </Target>
      <Target title="first_window/fast">
         <Option output="/home/svrvr/PureOpencv/src/first_window/build/first_window" prefix_auto="0" extension_auto="0" />
         <Option working_dir="./build" />
         <Option object_output="./" />
         <Option type="1" />
         <Option compiler="gcc" />
         <Compiler>
            <Add directory="/usr/include" />
            <Add directory="/usr/include/c++/5" />
            <Add directory="/usr/include/c++/5/backward" />
            <Add directory="/usr/include/x86_64-linux-gnu" />
            <Add directory="/usr/include/x86_64-linux-gnu/c++/5" />
            <Add directory="/usr/lib/gcc/x86_64-linux-gnu/4.8/include" />
            <Add directory="/usr/lib/gcc/x86_64-linux-gnu/4.8/include-fixed" />
            <Add directory="/usr/lib/gcc/x86_64-linux-gnu/5/include" />
            <Add directory="/usr/lib/gcc/x86_64-linux-gnu/5/include-fixed" />
            <Add directory="/usr/local/include" />
         </Compiler>
         <MakeCommands>
            <Build command="/usr/bin/make -f &quot;/home/svrvr/PureOpencv/src/first_window/Makefile&quot;  VERBOSE=1 first_window/fast" />
            <CompileFile command="/usr/bin/make -f &quot;/home/svrvr/PureOpencv/src/first_window/Makefile&quot;  VERBOSE=1 &quot;$file&quot;" />
            <Clean command="/usr/bin/make -f &quot;/home/svrvr/PureOpencv/src/first_window/Makefile&quot;  VERBOSE=1 clean" />
            <DistClean command="/usr/bin/make -f &quot;/home/svrvr/PureOpencv/src/first_window/Makefile&quot;  VERBOSE=1 clean" />
         </MakeCommands>
      </Target>
      <Target title="first_video">
         <Option output="/home/svrvr/PureOpencv/src/first_video/build/first_video" prefix_auto="0" extension_auto="0" />
         <Option working_dir="./build" />
         <Option object_output="./" />
         <Option type="1" />
         <Option compiler="gcc" />
         <Compiler>
            <Add directory="/usr/include" />
            <Add directory="/usr/include/c++/5" />
            <Add directory="/usr/include/c++/5/backward" />
            <Add directory="/usr/include/x86_64-linux-gnu" />
            <Add directory="/usr/include/x86_64-linux-gnu/c++/5" />
            <Add directory="/usr/lib/gcc/x86_64-linux-gnu/4.8/include" />
            <Add directory="/usr/lib/gcc/x86_64-linux-gnu/4.8/include-fixed" />
            <Add directory="/usr/lib/gcc/x86_64-linux-gnu/5/include" />
            <Add directory="/usr/lib/gcc/x86_64-linux-gnu/5/include-fixed" />
            <Add directory="/usr/local/include" />
         </Compiler>
         <MakeCommands>
            <Build command="/usr/bin/make -f &quot;/home/svrvr/PureOpencv/src/first_video/Makefile&quot;  VERBOSE=1 first_video" />
            <CompileFile command="/usr/bin/make -f &quot;/home/svrvr/PureOpencv/src/first_video/Makefile&quot;  VERBOSE=1 &quot;$file&quot;" />
            <Clean command="/usr/bin/make -f &quot;/home/svrvr/PureOpencv/src/first_video/Makefile&quot;  VERBOSE=1 clean" />
            <DistClean command="/usr/bin/make -f &quot;/home/svrvr/PureOpencv/src/first_video/Makefile&quot;  VERBOSE=1 clean" />
         </MakeCommands>
      </Target>
      <Target title="first_video/fast">
         <Option output="/home/svrvr/PureOpencv/src/first_video/build/first_video" prefix_auto="0" extension_auto="0" />
         <Option working_dir="./build" />
         <Option object_output="./" />
         <Option type="1" />
         <Option compiler="gcc" />
         <Compiler>
            <Add directory="/usr/include" />
            <Add directory="/usr/include/c++/5" />
            <Add directory="/usr/include/c++/5/backward" />
            <Add directory="/usr/include/x86_64-linux-gnu" />
            <Add directory="/usr/include/x86_64-linux-gnu/c++/5" />
            <Add directory="/usr/lib/gcc/x86_64-linux-gnu/4.8/include" />
            <Add directory="/usr/lib/gcc/x86_64-linux-gnu/4.8/include-fixed" />
            <Add directory="/usr/lib/gcc/x86_64-linux-gnu/5/include" />
            <Add directory="/usr/lib/gcc/x86_64-linux-gnu/5/include-fixed" />
            <Add directory="/usr/local/include" />
         </Compiler>
         <MakeCommands>
            <Build command="/usr/bin/make -f &quot;/home/svrvr/PureOpencv/src/first_video/Makefile&quot;  VERBOSE=1 first_video/fast" />
            <CompileFile command="/usr/bin/make -f &quot;/home/svrvr/PureOpencv/src/first_video/Makefile&quot;  VERBOSE=1 &quot;$file&quot;" />
            <Clean command="/usr/bin/make -f &quot;/home/svrvr/PureOpencv/src/first_video/Makefile&quot;  VERBOSE=1 clean" />
            <DistClean command="/usr/bin/make -f &quot;/home/svrvr/PureOpencv/src/first_video/Makefile&quot;  VERBOSE=1 clean" />
         </MakeCommands>
      </Target>
      <Target title="write_video">
         <Option output="/home/svrvr/PureOpencv/src/write_video/build/write_video" prefix_auto="0" extension_auto="0" />
         <Option working_dir="./build" />
         <Option object_output="./" />
         <Option type="1" />
         <Option compiler="gcc" />
         <Compiler>
            <Add directory="/usr/include" />
            <Add directory="/usr/include/c++/5" />
            <Add directory="/usr/include/c++/5/backward" />
            <Add directory="/usr/include/x86_64-linux-gnu" />
            <Add directory="/usr/include/x86_64-linux-gnu/c++/5" />
            <Add directory="/usr/lib/gcc/x86_64-linux-gnu/4.8/include" />
            <Add directory="/usr/lib/gcc/x86_64-linux-gnu/4.8/include-fixed" />
            <Add directory="/usr/lib/gcc/x86_64-linux-gnu/5/include" />
            <Add directory="/usr/lib/gcc/x86_64-linux-gnu/5/include-fixed" />
            <Add directory="/usr/local/include" />
         </Compiler>
         <MakeCommands>
            <Build command="/usr/bin/make -f &quot;/home/svrvr/PureOpencv/src/write_video/Makefile&quot;  VERBOSE=1 write_video" />
            <CompileFile command="/usr/bin/make -f &quot;/home/svrvr/PureOpencv/src/write_video/Makefile&quot;  VERBOSE=1 &quot;$file&quot;" />
            <Clean command="/usr/bin/make -f &quot;/home/svrvr/PureOpencv/src/write_video/Makefile&quot;  VERBOSE=1 clean" />
            <DistClean command="/usr/bin/make -f &quot;/home/svrvr/PureOpencv/src/write_video/Makefile&quot;  VERBOSE=1 clean" />
         </MakeCommands>
      </Target>
      <Target title="write_video/fast">
         <Option output="/home/svrvr/PureOpencv/src/write_video/build/write_video" prefix_auto="0" extension_auto="0" />
         <Option working_dir="./build" />
         <Option object_output="./" />
         <Option type="1" />
         <Option compiler="gcc" />
         <Compiler>
            <Add directory="/usr/include" />
            <Add directory="/usr/include/c++/5" />
            <Add directory="/usr/include/c++/5/backward" />
            <Add directory="/usr/include/x86_64-linux-gnu" />
            <Add directory="/usr/include/x86_64-linux-gnu/c++/5" />
            <Add directory="/usr/lib/gcc/x86_64-linux-gnu/4.8/include" />
            <Add directory="/usr/lib/gcc/x86_64-linux-gnu/4.8/include-fixed" />
            <Add directory="/usr/lib/gcc/x86_64-linux-gnu/5/include" />
            <Add directory="/usr/lib/gcc/x86_64-linux-gnu/5/include-fixed" />
            <Add directory="/usr/local/include" />
         </Compiler>
         <MakeCommands>
            <Build command="/usr/bin/make -f &quot;/home/svrvr/PureOpencv/src/write_video/Makefile&quot;  VERBOSE=1 write_video/fast" />
            <CompileFile command="/usr/bin/make -f &quot;/home/svrvr/PureOpencv/src/write_video/Makefile&quot;  VERBOSE=1 &quot;$file&quot;" />
            <Clean command="/usr/bin/make -f &quot;/home/svrvr/PureOpencv/src/write_video/Makefile&quot;  VERBOSE=1 clean" />
            <DistClean command="/usr/bin/make -f &quot;/home/svrvr/PureOpencv/src/write_video/Makefile&quot;  VERBOSE=1 clean" />
         </MakeCommands>
      </Target>
      <Target title="sift">
         <Option output="/home/svrvr/PureOpencv/src/sift/build/sift" prefix_auto="0" extension_auto="0" />
         <Option working_dir="./build" />
         <Option object_output="./" />
         <Option type="1" />
         <Option compiler="gcc" />
         <Compiler>
            <Add directory="/usr/include" />
            <Add directory="/usr/include/c++/5" />
            <Add directory="/usr/include/c++/5/backward" />
            <Add directory="/usr/include/x86_64-linux-gnu" />
            <Add directory="/usr/include/x86_64-linux-gnu/c++/5" />
            <Add directory="/usr/lib/gcc/x86_64-linux-gnu/4.8/include" />
            <Add directory="/usr/lib/gcc/x86_64-linux-gnu/4.8/include-fixed" />
            <Add directory="/usr/lib/gcc/x86_64-linux-gnu/5/include" />
            <Add directory="/usr/lib/gcc/x86_64-linux-gnu/5/include-fixed" />
            <Add directory="/usr/local/include" />
         </Compiler>
         <MakeCommands>
            <Build command="/usr/bin/make -f &quot;/home/svrvr/PureOpencv/src/sift/Makefile&quot;  VERBOSE=1 sift" />
            <CompileFile command="/usr/bin/make -f &quot;/home/svrvr/PureOpencv/src/sift/Makefile&quot;  VERBOSE=1 &quot;$file&quot;" />
            <Clean command="/usr/bin/make -f &quot;/home/svrvr/PureOpencv/src/sift/Makefile&quot;  VERBOSE=1 clean" />
            <DistClean command="/usr/bin/make -f &quot;/home/svrvr/PureOpencv/src/sift/Makefile&quot;  VERBOSE=1 clean" />
         </MakeCommands>
      </Target>
      <Target title="sift/fast">
         <Option output="/home/svrvr/PureOpencv/src/sift/build/sift" prefix_auto="0" extension_auto="0" />
         <Option working_dir="./build" />
         <Option object_output="./" />
         <Option type="1" />
         <Option compiler="gcc" />
         <Compiler>
            <Add directory="/usr/include" />
            <Add directory="/usr/include/c++/5" />
            <Add directory="/usr/include/c++/5/backward" />
            <Add directory="/usr/include/x86_64-linux-gnu" />
            <Add directory="/usr/include/x86_64-linux-gnu/c++/5" />
            <Add directory="/usr/lib/gcc/x86_64-linux-gnu/4.8/include" />
            <Add directory="/usr/lib/gcc/x86_64-linux-gnu/4.8/include-fixed" />
            <Add directory="/usr/lib/gcc/x86_64-linux-gnu/5/include" />
            <Add directory="/usr/lib/gcc/x86_64-linux-gnu/5/include-fixed" />
            <Add directory="/usr/local/include" />
         </Compiler>
         <MakeCommands>
            <Build command="/usr/bin/make -f &quot;/home/svrvr/PureOpencv/src/sift/Makefile&quot;  VERBOSE=1 sift/fast" />
            <CompileFile command="/usr/bin/make -f &quot;/home/svrvr/PureOpencv/src/sift/Makefile&quot;  VERBOSE=1 &quot;$file&quot;" />
            <Clean command="/usr/bin/make -f &quot;/home/svrvr/PureOpencv/src/sift/Makefile&quot;  VERBOSE=1 clean" />
            <DistClean command="/usr/bin/make -f &quot;/home/svrvr/PureOpencv/src/sift/Makefile&quot;  VERBOSE=1 clean" />
         </MakeCommands>
      </Target>
      <Target title="plyfile">
         <Option output="/home/svrvr/PureOpencv/src/plyfile/build/plyfile" prefix_auto="0" extension_auto="0" />
         <Option working_dir="./build" />
         <Option object_output="./" />
         <Option type="1" />
         <Option compiler="gcc" />
         <Compiler>
            <Add directory="/usr/include" />
            <Add directory="/usr/include/c++/5" />
            <Add directory="/usr/include/c++/5/backward" />
            <Add directory="/usr/include/x86_64-linux-gnu" />
            <Add directory="/usr/include/x86_64-linux-gnu/c++/5" />
            <Add directory="/usr/lib/gcc/x86_64-linux-gnu/4.8/include" />
            <Add directory="/usr/lib/gcc/x86_64-linux-gnu/4.8/include-fixed" />
            <Add directory="/usr/lib/gcc/x86_64-linux-gnu/5/include" />
            <Add directory="/usr/lib/gcc/x86_64-linux-gnu/5/include-fixed" />
            <Add directory="/usr/local/include" />
         </Compiler>
         <MakeCommands>
            <Build command="/usr/bin/make -f &quot;/home/svrvr/PureOpencv/src/plyfile/Makefile&quot;  VERBOSE=1 plyfile" />
            <CompileFile command="/usr/bin/make -f &quot;/home/svrvr/PureOpencv/src/plyfile/Makefile&quot;  VERBOSE=1 &quot;$file&quot;" />
            <Clean command="/usr/bin/make -f &quot;/home/svrvr/PureOpencv/src/plyfile/Makefile&quot;  VERBOSE=1 clean" />
            <DistClean command="/usr/bin/make -f &quot;/home/svrvr/PureOpencv/src/plyfile/Makefile&quot;  VERBOSE=1 clean" />
         </MakeCommands>
      </Target>
      <Target title="plyfile/fast">
         <Option output="/home/svrvr/PureOpencv/src/plyfile/build/plyfile" prefix_auto="0" extension_auto="0" />
         <Option working_dir="./build" />
         <Option object_output="./" />
         <Option type="1" />
         <Option compiler="gcc" />
         <Compiler>
            <Add directory="/usr/include" />
            <Add directory="/usr/include/c++/5" />
            <Add directory="/usr/include/c++/5/backward" />
            <Add directory="/usr/include/x86_64-linux-gnu" />
            <Add directory="/usr/include/x86_64-linux-gnu/c++/5" />
            <Add directory="/usr/lib/gcc/x86_64-linux-gnu/4.8/include" />
            <Add directory="/usr/lib/gcc/x86_64-linux-gnu/4.8/include-fixed" />
            <Add directory="/usr/lib/gcc/x86_64-linux-gnu/5/include" />
            <Add directory="/usr/lib/gcc/x86_64-linux-gnu/5/include-fixed" />
            <Add directory="/usr/local/include" />
         </Compiler>
         <MakeCommands>
            <Build command="/usr/bin/make -f &quot;/home/svrvr/PureOpencv/src/plyfile/Makefile&quot;  VERBOSE=1 plyfile/fast" />
            <CompileFile command="/usr/bin/make -f &quot;/home/svrvr/PureOpencv/src/plyfile/Makefile&quot;  VERBOSE=1 &quot;$file&quot;" />
            <Clean command="/usr/bin/make -f &quot;/home/svrvr/PureOpencv/src/plyfile/Makefile&quot;  VERBOSE=1 clean" />
            <DistClean command="/usr/bin/make -f &quot;/home/svrvr/PureOpencv/src/plyfile/Makefile&quot;  VERBOSE=1 clean" />
         </MakeCommands>
      </Target>
      <Target title="cut_img">
         <Option output="/home/svrvr/PureOpencv/src/cut_img/build/cut_img" prefix_auto="0" extension_auto="0" />
         <Option working_dir="./build" />
         <Option object_output="./" />
         <Option type="1" />
         <Option compiler="gcc" />
         <Compiler>
            <Add directory="/usr/include" />
            <Add directory="/usr/include/c++/5" />
            <Add directory="/usr/include/c++/5/backward" />
            <Add directory="/usr/include/x86_64-linux-gnu" />
            <Add directory="/usr/include/x86_64-linux-gnu/c++/5" />
            <Add directory="/usr/lib/gcc/x86_64-linux-gnu/4.8/include" />
            <Add directory="/usr/lib/gcc/x86_64-linux-gnu/4.8/include-fixed" />
            <Add directory="/usr/lib/gcc/x86_64-linux-gnu/5/include" />
            <Add directory="/usr/lib/gcc/x86_64-linux-gnu/5/include-fixed" />
            <Add directory="/usr/local/include" />
         </Compiler>
         <MakeCommands>
            <Build command="/usr/bin/make -f &quot;/home/svrvr/PureOpencv/src/cut_img/Makefile&quot;  VERBOSE=1 cut_img" />
            <CompileFile command="/usr/bin/make -f &quot;/home/svrvr/PureOpencv/src/cut_img/Makefile&quot;  VERBOSE=1 &quot;$file&quot;" />
            <Clean command="/usr/bin/make -f &quot;/home/svrvr/PureOpencv/src/cut_img/Makefile&quot;  VERBOSE=1 clean" />
            <DistClean command="/usr/bin/make -f &quot;/home/svrvr/PureOpencv/src/cut_img/Makefile&quot;  VERBOSE=1 clean" />
         </MakeCommands>
      </Target>
      <Target title="cut_img/fast">
         <Option output="/home/svrvr/PureOpencv/src/cut_img/build/cut_img" prefix_auto="0" extension_auto="0" />
         <Option working_dir="./build" />
         <Option object_output="./" />
         <Option type="1" />
         <Option compiler="gcc" />
         <Compiler>
            <Add directory="/usr/include" />
            <Add directory="/usr/include/c++/5" />
            <Add directory="/usr/include/c++/5/backward" />
            <Add directory="/usr/include/x86_64-linux-gnu" />
            <Add directory="/usr/include/x86_64-linux-gnu/c++/5" />
            <Add directory="/usr/lib/gcc/x86_64-linux-gnu/4.8/include" />
            <Add directory="/usr/lib/gcc/x86_64-linux-gnu/4.8/include-fixed" />
            <Add directory="/usr/lib/gcc/x86_64-linux-gnu/5/include" />
            <Add directory="/usr/lib/gcc/x86_64-linux-gnu/5/include-fixed" />
            <Add directory="/usr/local/include" />
         </Compiler>
         <MakeCommands>
            <Build command="/usr/bin/make -f &quot;/home/svrvr/PureOpencv/src/cut_img/Makefile&quot;  VERBOSE=1 cut_img/fast" />
            <CompileFile command="/usr/bin/make -f &quot;/home/svrvr/PureOpencv/src/cut_img/Makefile&quot;  VERBOSE=1 &quot;$file&quot;" />
            <Clean command="/usr/bin/make -f &quot;/home/svrvr/PureOpencv/src/cut_img/Makefile&quot;  VERBOSE=1 clean" />
            <DistClean command="/usr/bin/make -f &quot;/home/svrvr/PureOpencv/src/cut_img/Makefile&quot;  VERBOSE=1 clean" />
         </MakeCommands>
      </Target>
      <Target title="uvimg">
         <Option output="/home/svrvr/PureOpencv/src/uv_pano_img/build/uvimg" prefix_auto="0" extension_auto="0" />
         <Option working_dir="./build" />
         <Option object_output="./" />
         <Option type="1" />
         <Option compiler="gcc" />
         <Compiler>
            <Add directory="/usr/include" />
            <Add directory="/usr/include/c++/5" />
            <Add directory="/usr/include/c++/5/backward" />
            <Add directory="/usr/include/x86_64-linux-gnu" />
            <Add directory="/usr/include/x86_64-linux-gnu/c++/5" />
            <Add directory="/usr/lib/gcc/x86_64-linux-gnu/4.8/include" />
            <Add directory="/usr/lib/gcc/x86_64-linux-gnu/4.8/include-fixed" />
            <Add directory="/usr/lib/gcc/x86_64-linux-gnu/5/include" />
            <Add directory="/usr/lib/gcc/x86_64-linux-gnu/5/include-fixed" />
            <Add directory="/usr/local/include" />
         </Compiler>
         <MakeCommands>
            <Build command="/usr/bin/make -f &quot;/home/svrvr/PureOpencv/src/uv_pano_img/Makefile&quot;  VERBOSE=1 uvimg" />
            <CompileFile command="/usr/bin/make -f &quot;/home/svrvr/PureOpencv/src/uv_pano_img/Makefile&quot;  VERBOSE=1 &quot;$file&quot;" />
            <Clean command="/usr/bin/make -f &quot;/home/svrvr/PureOpencv/src/uv_pano_img/Makefile&quot;  VERBOSE=1 clean" />
            <DistClean command="/usr/bin/make -f &quot;/home/svrvr/PureOpencv/src/uv_pano_img/Makefile&quot;  VERBOSE=1 clean" />
         </MakeCommands>
      </Target>
      <Target title="uvimg/fast">
         <Option output="/home/svrvr/PureOpencv/src/uv_pano_img/build/uvimg" prefix_auto="0" extension_auto="0" />
         <Option working_dir="./build" />
         <Option object_output="./" />
         <Option type="1" />
         <Option compiler="gcc" />
         <Compiler>
            <Add directory="/usr/include" />
            <Add directory="/usr/include/c++/5" />
            <Add directory="/usr/include/c++/5/backward" />
            <Add directory="/usr/include/x86_64-linux-gnu" />
            <Add directory="/usr/include/x86_64-linux-gnu/c++/5" />
            <Add directory="/usr/lib/gcc/x86_64-linux-gnu/4.8/include" />
            <Add directory="/usr/lib/gcc/x86_64-linux-gnu/4.8/include-fixed" />
            <Add directory="/usr/lib/gcc/x86_64-linux-gnu/5/include" />
            <Add directory="/usr/lib/gcc/x86_64-linux-gnu/5/include-fixed" />
            <Add directory="/usr/local/include" />
         </Compiler>
         <MakeCommands>
            <Build command="/usr/bin/make -f &quot;/home/svrvr/PureOpencv/src/uv_pano_img/Makefile&quot;  VERBOSE=1 uvimg/fast" />
            <CompileFile command="/usr/bin/make -f &quot;/home/svrvr/PureOpencv/src/uv_pano_img/Makefile&quot;  VERBOSE=1 &quot;$file&quot;" />
            <Clean command="/usr/bin/make -f &quot;/home/svrvr/PureOpencv/src/uv_pano_img/Makefile&quot;  VERBOSE=1 clean" />
            <DistClean command="/usr/bin/make -f &quot;/home/svrvr/PureOpencv/src/uv_pano_img/Makefile&quot;  VERBOSE=1 clean" />
         </MakeCommands>
      </Target>
      <Target title="pano_img_viewer">
         <Option output="/home/svrvr/PureOpencv/src/pano_img_viewer/build/pano_img_viewer" prefix_auto="0" extension_auto="0" />
         <Option working_dir="./build" />
         <Option object_output="./" />
         <Option type="1" />
         <Option compiler="gcc" />
         <Compiler>
            <Add directory="/usr/include" />
            <Add directory="/usr/include/c++/5" />
            <Add directory="/usr/include/c++/5/backward" />
            <Add directory="/usr/include/x86_64-linux-gnu" />
            <Add directory="/usr/include/x86_64-linux-gnu/c++/5" />
            <Add directory="/usr/lib/gcc/x86_64-linux-gnu/4.8/include" />
            <Add directory="/usr/lib/gcc/x86_64-linux-gnu/4.8/include-fixed" />
            <Add directory="/usr/lib/gcc/x86_64-linux-gnu/5/include" />
            <Add directory="/usr/lib/gcc/x86_64-linux-gnu/5/include-fixed" />
            <Add directory="/usr/local/include" />
         </Compiler>
         <MakeCommands>
            <Build command="/usr/bin/make -f &quot;/home/svrvr/PureOpencv/src/pano_img_viewer/Makefile&quot;  VERBOSE=1 pano_img_viewer" />
            <CompileFile command="/usr/bin/make -f &quot;/home/svrvr/PureOpencv/src/pano_img_viewer/Makefile&quot;  VERBOSE=1 &quot;$file&quot;" />
            <Clean command="/usr/bin/make -f &quot;/home/svrvr/PureOpencv/src/pano_img_viewer/Makefile&quot;  VERBOSE=1 clean" />
            <DistClean command="/usr/bin/make -f &quot;/home/svrvr/PureOpencv/src/pano_img_viewer/Makefile&quot;  VERBOSE=1 clean" />
         </MakeCommands>
      </Target>
      <Target title="pano_img_viewer/fast">
         <Option output="/home/svrvr/PureOpencv/src/pano_img_viewer/build/pano_img_viewer" prefix_auto="0" extension_auto="0" />
         <Option working_dir="./build" />
         <Option object_output="./" />
         <Option type="1" />
         <Option compiler="gcc" />
         <Compiler>
            <Add directory="/usr/include" />
            <Add directory="/usr/include/c++/5" />
            <Add directory="/usr/include/c++/5/backward" />
            <Add directory="/usr/include/x86_64-linux-gnu" />
            <Add directory="/usr/include/x86_64-linux-gnu/c++/5" />
            <Add directory="/usr/lib/gcc/x86_64-linux-gnu/4.8/include" />
            <Add directory="/usr/lib/gcc/x86_64-linux-gnu/4.8/include-fixed" />
            <Add directory="/usr/lib/gcc/x86_64-linux-gnu/5/include" />
            <Add directory="/usr/lib/gcc/x86_64-linux-gnu/5/include-fixed" />
            <Add directory="/usr/local/include" />
         </Compiler>
         <MakeCommands>
            <Build command="/usr/bin/make -f &quot;/home/svrvr/PureOpencv/src/pano_img_viewer/Makefile&quot;  VERBOSE=1 pano_img_viewer/fast" />
            <CompileFile command="/usr/bin/make -f &quot;/home/svrvr/PureOpencv/src/pano_img_viewer/Makefile&quot;  VERBOSE=1 &quot;$file&quot;" />
            <Clean command="/usr/bin/make -f &quot;/home/svrvr/PureOpencv/src/pano_img_viewer/Makefile&quot;  VERBOSE=1 clean" />
            <DistClean command="/usr/bin/make -f &quot;/home/svrvr/PureOpencv/src/pano_img_viewer/Makefile&quot;  VERBOSE=1 clean" />
         </MakeCommands>
      </Target>
      </Build>
      <Unit filename="/home/svrvr/PureOpencv/src/cut_img/cut_img.cpp">
         <Option target="cut_img"/>
      </Unit>
      <Unit filename="/home/svrvr/PureOpencv/src/cut_img/cut_img.hpp">
         <Option target="cut_img"/>
      </Unit>
      <Unit filename="/home/svrvr/PureOpencv/src/cut_img/test.cpp">
         <Option target="cut_img"/>
      </Unit>
      <Unit filename="/home/svrvr/PureOpencv/src/first_video/first_video.cpp">
         <Option target="first_video"/>
      </Unit>
      <Unit filename="/home/svrvr/PureOpencv/src/first_window/first_window.cpp">
         <Option target="first_window"/>
      </Unit>
      <Unit filename="/home/svrvr/PureOpencv/src/flann_feature/hmc.cpp">
         <Option target="flann_feature"/>
      </Unit>
      <Unit filename="/home/svrvr/PureOpencv/src/image_smooth/image_smooth.cpp">
         <Option target="image_smooth"/>
      </Unit>
      <Unit filename="/home/svrvr/PureOpencv/src/main.cpp">
         <Option target="src"/>
      </Unit>
      <Unit filename="/home/svrvr/PureOpencv/src/opt_mat/opt_mat.cpp">
         <Option target="opt_mat"/>
      </Unit>
      <Unit filename="/home/svrvr/PureOpencv/src/pano_img_viewer/pano_img_viewer.cpp">
         <Option target="pano_img_viewer"/>
      </Unit>
      <Unit filename="/home/svrvr/PureOpencv/src/pano_img_viewer/pano_img_viewer.hpp">
         <Option target="pano_img_viewer"/>
      </Unit>
      <Unit filename="/home/svrvr/PureOpencv/src/plyfile/plyfile.cpp">
         <Option target="plyfile"/>
      </Unit>
      <Unit filename="/home/svrvr/PureOpencv/src/plyfile/plyfile.hpp">
         <Option target="plyfile"/>
      </Unit>
      <Unit filename="/home/svrvr/PureOpencv/src/plyfile/table_math.cpp">
         <Option target="plyfile"/>
      </Unit>
      <Unit filename="/home/svrvr/PureOpencv/src/plyfile/table_math.hpp">
         <Option target="plyfile"/>
      </Unit>
      <Unit filename="/home/svrvr/PureOpencv/src/plyfile/test.cpp">
         <Option target="plyfile"/>
      </Unit>
      <Unit filename="/home/svrvr/PureOpencv/src/roi/roi.cpp">
         <Option target="roi"/>
      </Unit>
      <Unit filename="/home/svrvr/PureOpencv/src/sift/sift.cpp">
         <Option target="sift"/>
      </Unit>
      <Unit filename="/home/svrvr/PureOpencv/src/uv_pano_img/test.cpp">
         <Option target="uvimg"/>
      </Unit>
      <Unit filename="/home/svrvr/PureOpencv/src/uv_pano_img/uvimg.cpp">
         <Option target="uvimg"/>
      </Unit>
      <Unit filename="/home/svrvr/PureOpencv/src/uv_pano_img/uvimg.hpp">
         <Option target="uvimg"/>
      </Unit>
      <Unit filename="/home/svrvr/PureOpencv/src/write_video/write_video.cpp">
         <Option target="write_video"/>
      </Unit>
      <Unit filename="/home/svrvr/PureOpencv/src/CMakeLists.txt">
          <Option virtualFolder="CMake Files\" />
      </Unit>
      <Unit filename="/home/svrvr/PureOpencv/src/cut_img/CMakeLists.txt">
          <Option virtualFolder="CMake Files\cut_img\" />
      </Unit>
      <Unit filename="/home/svrvr/PureOpencv/src/cut_img/CMakeLists.txt">
          <Option virtualFolder="CMake Files\cut_img\" />
      </Unit>
      <Unit filename="/home/svrvr/PureOpencv/src/first_video/CMakeLists.txt">
          <Option virtualFolder="CMake Files\first_video\" />
      </Unit>
      <Unit filename="/home/svrvr/PureOpencv/src/first_video/CMakeLists.txt">
          <Option virtualFolder="CMake Files\first_video\" />
      </Unit>
      <Unit filename="/home/svrvr/PureOpencv/src/first_window/CMakeLists.txt">
          <Option virtualFolder="CMake Files\first_window\" />
      </Unit>
      <Unit filename="/home/svrvr/PureOpencv/src/first_window/CMakeLists.txt">
          <Option virtualFolder="CMake Files\first_window\" />
      </Unit>
      <Unit filename="/home/svrvr/PureOpencv/src/flann_feature/CMakeLists.txt">
          <Option virtualFolder="CMake Files\flann_feature\" />
      </Unit>
      <Unit filename="/home/svrvr/PureOpencv/src/flann_feature/CMakeLists.txt">
          <Option virtualFolder="CMake Files\flann_feature\" />
      </Unit>
      <Unit filename="/home/svrvr/PureOpencv/src/image_smooth/CMakeLists.txt">
          <Option virtualFolder="CMake Files\image_smooth\" />
      </Unit>
      <Unit filename="/home/svrvr/PureOpencv/src/image_smooth/CMakeLists.txt">
          <Option virtualFolder="CMake Files\image_smooth\" />
      </Unit>
      <Unit filename="/home/svrvr/PureOpencv/src/opt_mat/CMakeLists.txt">
          <Option virtualFolder="CMake Files\opt_mat\" />
      </Unit>
      <Unit filename="/home/svrvr/PureOpencv/src/opt_mat/CMakeLists.txt">
          <Option virtualFolder="CMake Files\opt_mat\" />
      </Unit>
      <Unit filename="/home/svrvr/PureOpencv/src/pano_img_viewer/CMakeLists.txt">
          <Option virtualFolder="CMake Files\pano_img_viewer\" />
      </Unit>
      <Unit filename="/home/svrvr/PureOpencv/src/pano_img_viewer/CMakeLists.txt">
          <Option virtualFolder="CMake Files\pano_img_viewer\" />
      </Unit>
      <Unit filename="/home/svrvr/PureOpencv/src/plyfile/CMakeLists.txt">
          <Option virtualFolder="CMake Files\plyfile\" />
      </Unit>
      <Unit filename="/home/svrvr/PureOpencv/src/plyfile/CMakeLists.txt">
          <Option virtualFolder="CMake Files\plyfile\" />
      </Unit>
      <Unit filename="/home/svrvr/PureOpencv/src/roi/CMakeLists.txt">
          <Option virtualFolder="CMake Files\roi\" />
      </Unit>
      <Unit filename="/home/svrvr/PureOpencv/src/roi/CMakeLists.txt">
          <Option virtualFolder="CMake Files\roi\" />
      </Unit>
      <Unit filename="/home/svrvr/PureOpencv/src/sift/CMakeLists.txt">
          <Option virtualFolder="CMake Files\sift\" />
      </Unit>
      <Unit filename="/home/svrvr/PureOpencv/src/sift/CMakeLists.txt">
          <Option virtualFolder="CMake Files\sift\" />
      </Unit>
      <Unit filename="/home/svrvr/PureOpencv/src/write_video/CMakeLists.txt">
          <Option virtualFolder="CMake Files\write_video\" />
      </Unit>
      <Unit filename="/home/svrvr/PureOpencv/src/write_video/CMakeLists.txt">
          <Option virtualFolder="CMake Files\write_video\" />
      </Unit>
      <Unit filename="/home/svrvr/PureOpencv/src/uv_pano_img/CMakeLists.txt">
          <Option virtualFolder="CMake Files\uv_pano_img\" />
      </Unit>
      <Unit filename="/home/svrvr/PureOpencv/src/uv_pano_img/CMakeLists.txt">
          <Option virtualFolder="CMake Files\uv_pano_img\" />
      </Unit>
   </Project>
</CodeBlocks_project_file>
